
Microsoft Visual Studio Solution File, Format Version 12.00
# Visual Studio Version 16
VisualStudioVersion = 16.0.29424.173
MinimumVisualStudioVersion = 10.0.40219.1
Project("{FAE04EC0-301F-11D3-BF4B-00C04F79EFBC}") = "ConsoleApp", "ConsoleApp\ConsoleApp.csproj", "{1B992E42-485B-49CC-8581-6FE60BCB67AB}"
EndProject
Global
	GlobalSection(SolutionConfigurationPlatforms) = preSolution
		Debug|Any CPU = Debug|Any CPU
		Release|Any CPU = Release|Any CPU
	EndGlobalSection
	GlobalSection(ProjectConfigurationPlatforms) = postSolution
		{1B992E42-485B-49CC-8581-6FE60BCB67AB}.Debug|Any CPU.ActiveCfg = Debug|Any CPU
		{1B992E42-485B-49CC-8581-6FE60BCB67AB}.Debug|Any CPU.Build.0 = Debug|Any CPU
		{1B992E42-485B-49CC-8581-6FE60BCB67AB}.Release|Any CPU.ActiveCfg = Release|Any CPU
		{1B992E42-485B-49CC-8581-6FE60BCB67AB}.Release|Any CPU.Build.0 = Release|Any CPU
	EndGlobalSection
	GlobalSection(SolutionProperties) = preSolution
		HideSolutionNode = FALSE
	EndGlobalSection
	GlobalSection(ExtensibilityGlobals) = postSolution
		SolutionGuid = {F64A1950-A7B3-48BB-9ADE-32311860675F}
	EndGlobalSection
EndGlobal
