
Microsoft Visual Studio Solution File, Format Version 12.00
# Visual Studio 15
VisualStudioVersion = 15.0.26124.0
MinimumVisualStudioVersion = 15.0.26124.0
Project("{2150E333-8FDC-42A3-9474-1A3956D46DE8}") = "src", "src", "{68E54727-E7C7-41CD-8657-749D19B1F057}"
EndProject
Project("{FAE04EC0-301F-11D3-BF4B-00C04F79EFBC}") = "GradeBook", "src\GradeBook\GradeBook.csproj", "{AC27CCB9-6200-4C1D-B757-F5D81D0959C6}"
EndProject
Project("{2150E333-8FDC-42A3-9474-1A3956D46DE8}") = "test", "test", "{43B35FCF-C505-4D37-A4A3-5956EFDEC889}"
EndProject
Project("{FAE04EC0-301F-11D3-BF4B-00C04F79EFBC}") = "GradeBook.Test", "test\GradeBook.Test\GradeBook.Test.csproj", "{D189D35D-59B5-4E46-892C-8CFFD25B481A}"
EndProject
Global
	GlobalSection(SolutionConfigurationPlatforms) = preSolution
		Debug|Any CPU = Debug|Any CPU
		Debug|x64 = Debug|x64
		Debug|x86 = Debug|x86
		Release|Any CPU = Release|Any CPU
		Release|x64 = Release|x64
		Release|x86 = Release|x86
	EndGlobalSection
	GlobalSection(SolutionProperties) = preSolution
		HideSolutionNode = FALSE
	EndGlobalSection
	GlobalSection(ProjectConfigurationPlatforms) = postSolution
		{AC27CCB9-6200-4C1D-B757-F5D81D0959C6}.Debug|Any CPU.ActiveCfg = Debug|Any CPU
		{AC27CCB9-6200-4C1D-B757-F5D81D0959C6}.Debug|Any CPU.Build.0 = Debug|Any CPU
		{AC27CCB9-6200-4C1D-B757-F5D81D0959C6}.Debug|x64.ActiveCfg = Debug|Any CPU
		{AC27CCB9-6200-4C1D-B757-F5D81D0959C6}.Debug|x64.Build.0 = Debug|Any CPU
		{AC27CCB9-6200-4C1D-B757-F5D81D0959C6}.Debug|x86.ActiveCfg = Debug|Any CPU
		{AC27CCB9-6200-4C1D-B757-F5D81D0959C6}.Debug|x86.Build.0 = Debug|Any CPU
		{AC27CCB9-6200-4C1D-B757-F5D81D0959C6}.Release|Any CPU.ActiveCfg = Release|Any CPU
		{AC27CCB9-6200-4C1D-B757-F5D81D0959C6}.Release|Any CPU.Build.0 = Release|Any CPU
		{AC27CCB9-6200-4C1D-B757-F5D81D0959C6}.Release|x64.ActiveCfg = Release|Any CPU
		{AC27CCB9-6200-4C1D-B757-F5D81D0959C6}.Release|x64.Build.0 = Release|Any CPU
		{AC27CCB9-6200-4C1D-B757-F5D81D0959C6}.Release|x86.ActiveCfg = Release|Any CPU
		{AC27CCB9-6200-4C1D-B757-F5D81D0959C6}.Release|x86.Build.0 = Release|Any CPU
		{D189D35D-59B5-4E46-892C-8CFFD25B481A}.Debug|Any CPU.ActiveCfg = Debug|Any CPU
		{D189D35D-59B5-4E46-892C-8CFFD25B481A}.Debug|Any CPU.Build.0 = Debug|Any CPU
		{D189D35D-59B5-4E46-892C-8CFFD25B481A}.Debug|x64.ActiveCfg = Debug|Any CPU
		{D189D35D-59B5-4E46-892C-8CFFD25B481A}.Debug|x64.Build.0 = Debug|Any CPU
		{D189D35D-59B5-4E46-892C-8CFFD25B481A}.Debug|x86.ActiveCfg = Debug|Any CPU
		{D189D35D-59B5-4E46-892C-8CFFD25B481A}.Debug|x86.Build.0 = Debug|Any CPU
		{D189D35D-59B5-4E46-892C-8CFFD25B481A}.Release|Any CPU.ActiveCfg = Release|Any CPU
		{D189D35D-59B5-4E46-892C-8CFFD25B481A}.Release|Any CPU.Build.0 = Release|Any CPU
		{D189D35D-59B5-4E46-892C-8CFFD25B481A}.Release|x64.ActiveCfg = Release|Any CPU
		{D189D35D-59B5-4E46-892C-8CFFD25B481A}.Release|x64.Build.0 = Release|Any CPU
		{D189D35D-59B5-4E46-892C-8CFFD25B481A}.Release|x86.ActiveCfg = Release|Any CPU
		{D189D35D-59B5-4E46-892C-8CFFD25B481A}.Release|x86.Build.0 = Release|Any CPU
	EndGlobalSection
	GlobalSection(NestedProjects) = preSolution
		{AC27CCB9-6200-4C1D-B757-F5D81D0959C6} = {68E54727-E7C7-41CD-8657-749D19B1F057}
		{D189D35D-59B5-4E46-892C-8CFFD25B481A} = {43B35FCF-C505-4D37-A4A3-5956EFDEC889}
	EndGlobalSection
EndGlobal
