
Microsoft Visual Studio Solution File, Format Version 12.00
# Visual Studio 15
VisualStudioVersion = 15.0.28307.902
MinimumVisualStudioVersion = 10.0.40219.1
Project("{9A19103F-16F7-4668-BE54-9A1E7A4F7556}") = "List", "..\List\List.csproj", "{8F4AC592-2F2A-4F1A-8CF3-C67D47A15049}"
EndProject
Project("{9A19103F-16F7-4668-BE54-9A1E7A4F7556}") = "Dictionary", "..\Dictionary\Dictionary.csproj", "{49714EF7-77D4-47B6-BA07-7F987B9B4512}"
EndProject
Project("{FAE04EC0-301F-11D3-BF4B-00C04F79EFBC}") = "LINQ", "..\LINQ\LINQ.csproj", "{0132174C-EF40-47A8-885E-24C9DA321CB8}"
EndProject
Global
	GlobalSection(SolutionConfigurationPlatforms) = preSolution
		Debug|Any CPU = Debug|Any CPU
		Release|Any CPU = Release|Any CPU
	EndGlobalSection
	GlobalSection(ProjectConfigurationPlatforms) = postSolution
		{8F4AC592-2F2A-4F1A-8CF3-C67D47A15049}.Debug|Any CPU.ActiveCfg = Debug|Any CPU
		{8F4AC592-2F2A-4F1A-8CF3-C67D47A15049}.Debug|Any CPU.Build.0 = Debug|Any CPU
		{8F4AC592-2F2A-4F1A-8CF3-C67D47A15049}.Release|Any CPU.ActiveCfg = Release|Any CPU
		{8F4AC592-2F2A-4F1A-8CF3-C67D47A15049}.Release|Any CPU.Build.0 = Release|Any CPU
		{49714EF7-77D4-47B6-BA07-7F987B9B4512}.Debug|Any CPU.ActiveCfg = Debug|Any CPU
		{49714EF7-77D4-47B6-BA07-7F987B9B4512}.Debug|Any CPU.Build.0 = Debug|Any CPU
		{49714EF7-77D4-47B6-BA07-7F987B9B4512}.Release|Any CPU.ActiveCfg = Release|Any CPU
		{49714EF7-77D4-47B6-BA07-7F987B9B4512}.Release|Any CPU.Build.0 = Release|Any CPU
		{0132174C-EF40-47A8-885E-24C9DA321CB8}.Debug|Any CPU.ActiveCfg = Debug|Any CPU
		{0132174C-EF40-47A8-885E-24C9DA321CB8}.Debug|Any CPU.Build.0 = Debug|Any CPU
		{0132174C-EF40-47A8-885E-24C9DA321CB8}.Release|Any CPU.ActiveCfg = Release|Any CPU
		{0132174C-EF40-47A8-885E-24C9DA321CB8}.Release|Any CPU.Build.0 = Release|Any CPU
	EndGlobalSection
	GlobalSection(SolutionProperties) = preSolution
		HideSolutionNode = FALSE
	EndGlobalSection
	GlobalSection(ExtensibilityGlobals) = postSolution
		SolutionGuid = {9A194D0D-AEB2-4DBD-BEE5-428118D5A2EA}
	EndGlobalSection
EndGlobal
