
Microsoft Visual Studio Solution File, Format Version 12.00
# Visual Studio 15
VisualStudioVersion = 15.0.28307.902
MinimumVisualStudioVersion = 10.0.40219.1
Project("{FAE04EC0-301F-11D3-BF4B-00C04F79EFBC}") = "CollectionsInCSharp", "CollectionsInCSharp\CollectionsInCSharp.csproj", "{B7ABB2BD-BDF8-4170-AF8E-F8EB92851E32}"
EndProject
Global
	GlobalSection(SolutionConfigurationPlatforms) = preSolution
		Debug|Any CPU = Debug|Any CPU
		Release|Any CPU = Release|Any CPU
	EndGlobalSection
	GlobalSection(ProjectConfigurationPlatforms) = postSolution
		{B7ABB2BD-BDF8-4170-AF8E-F8EB92851E32}.Debug|Any CPU.ActiveCfg = Debug|Any CPU
		{B7ABB2BD-BDF8-4170-AF8E-F8EB92851E32}.Debug|Any CPU.Build.0 = Debug|Any CPU
		{B7ABB2BD-BDF8-4170-AF8E-F8EB92851E32}.Release|Any CPU.ActiveCfg = Release|Any CPU
		{B7ABB2BD-BDF8-4170-AF8E-F8EB92851E32}.Release|Any CPU.Build.0 = Release|Any CPU
	EndGlobalSection
	GlobalSection(SolutionProperties) = preSolution
		HideSolutionNode = FALSE
	EndGlobalSection
	GlobalSection(ExtensibilityGlobals) = postSolution
		SolutionGuid = {9A194D0D-AEB2-4DBD-BEE5-428118D5A2EA}
	EndGlobalSection
EndGlobal
